
Microsoft Visual Studio Solution File, Format Version 12.00
# Visual Studio Version 16
VisualStudioVersion = 16.0.31424.327
MinimumVisualStudioVersion = 10.0.40219.1
Project("{FAE04EC0-301F-11D3-BF4B-00C04F79EFBC}") = "LinenAndBird", "LinenAndBird\LinenAndBird.csproj", "{218225E1-7D5E-4EBA-B7E8-638371B3438E}"
EndProject
Global
	GlobalSection(SolutionConfigurationPlatforms) = preSolution
		Debug|Any CPU = Debug|Any CPU
		Release|Any CPU = Release|Any CPU
	EndGlobalSection
	GlobalSection(ProjectConfigurationPlatforms) = postSolution
		{218225E1-7D5E-4EBA-B7E8-638371B3438E}.Debug|Any CPU.ActiveCfg = Debug|Any CPU
		{218225E1-7D5E-4EBA-B7E8-638371B3438E}.Debug|Any CPU.Build.0 = Debug|Any CPU
		{218225E1-7D5E-4EBA-B7E8-638371B3438E}.Release|Any CPU.ActiveCfg = Release|Any CPU
		{218225E1-7D5E-4EBA-B7E8-638371B3438E}.Release|Any CPU.Build.0 = Release|Any CPU
	EndGlobalSection
	GlobalSection(SolutionProperties) = preSolution
		HideSolutionNode = FALSE
	EndGlobalSection
	GlobalSection(ExtensibilityGlobals) = postSolution
		SolutionGuid = {E4965277-A20D-426F-87CC-66A7FDB4DF4F}
	EndGlobalSection
EndGlobal
